Microsoft Visual Studio Solution File, Format Version 12.00
# Visual Studio Version 17
VisualStudioVersion = 17.5.2.0
MinimumVisualStudioVersion = 10.0.40219.1
Project("{FAE04EC0-301F-11D3-BF4B-00C04F79EFBC}") = "ExRPG", "ExRPG\ExRPG.csproj", "{113EFD9D-FDA7-2D72-9562-11F3129F4424}"
EndProject
Global
	GlobalSection(SolutionConfigurationPlatforms) = preSolution
		Debug|Any CPU = Debug|Any CPU
		Release|Any CPU = Release|Any CPU
	EndGlobalSection
	GlobalSection(ProjectConfigurationPlatforms) = postSolution
		{113EFD9D-FDA7-2D72-9562-11F3129F4424}.Debug|Any CPU.ActiveCfg = Debug|Any CPU
		{113EFD9D-FDA7-2D72-9562-11F3129F4424}.Debug|Any CPU.Build.0 = Debug|Any CPU
		{113EFD9D-FDA7-2D72-9562-11F3129F4424}.Release|Any CPU.ActiveCfg = Release|Any CPU
		{113EFD9D-FDA7-2D72-9562-11F3129F4424}.Release|Any CPU.Build.0 = Release|Any CPU
	EndGlobalSection
	GlobalSection(SolutionProperties) = preSolution
		HideSolutionNode = FALSE
	EndGlobalSection
	GlobalSection(ExtensibilityGlobals) = postSolution
		SolutionGuid = {A2C28601-53D2-4E25-9DD0-652FD2D28F18}
	EndGlobalSection
EndGlobal
