Microsoft Visual Studio Solution File, Format Version 12.00
# Visual Studio Version 17
VisualStudioVersion = 17.5.2.0
MinimumVisualStudioVersion = 10.0.40219.1
Project("{FAE04EC0-301F-11D3-BF4B-00C04F79EFBC}") = "JogoDaVelha", "JogoDaVelha\JogoDaVelha.csproj", "{CFDAD891-CD6C-F7AF-8D7A-D1807C407279}"
EndProject
Global
	GlobalSection(SolutionConfigurationPlatforms) = preSolution
		Debug|Any CPU = Debug|Any CPU
		Release|Any CPU = Release|Any CPU
	EndGlobalSection
	GlobalSection(ProjectConfigurationPlatforms) = postSolution
		{CFDAD891-CD6C-F7AF-8D7A-D1807C407279}.Debug|Any CPU.ActiveCfg = Debug|Any CPU
		{CFDAD891-CD6C-F7AF-8D7A-D1807C407279}.Debug|Any CPU.Build.0 = Debug|Any CPU
		{CFDAD891-CD6C-F7AF-8D7A-D1807C407279}.Release|Any CPU.ActiveCfg = Release|Any CPU
		{CFDAD891-CD6C-F7AF-8D7A-D1807C407279}.Release|Any CPU.Build.0 = Release|Any CPU
	EndGlobalSection
	GlobalSection(SolutionProperties) = preSolution
		HideSolutionNode = FALSE
	EndGlobalSection
	GlobalSection(ExtensibilityGlobals) = postSolution
		SolutionGuid = {DF7F4F3C-6728-402E-B748-85B8C0263E04}
	EndGlobalSection
EndGlobal
