Microsoft Visual Studio Solution File, Format Version 12.00
# Visual Studio Version 17
VisualStudioVersion = 17.5.2.0
MinimumVisualStudioVersion = 10.0.40219.1
Project("{FAE04EC0-301F-11D3-BF4B-00C04F79EFBC}") = "BuscaBinaria", "BuscaBinaria\BuscaBinaria.csproj", "{479102C5-36A3-A644-58D5-0C48A9991272}"
EndProject
Global
	GlobalSection(SolutionConfigurationPlatforms) = preSolution
		Debug|Any CPU = Debug|Any CPU
		Release|Any CPU = Release|Any CPU
	EndGlobalSection
	GlobalSection(ProjectConfigurationPlatforms) = postSolution
		{479102C5-36A3-A644-58D5-0C48A9991272}.Debug|Any CPU.ActiveCfg = Debug|Any CPU
		{479102C5-36A3-A644-58D5-0C48A9991272}.Debug|Any CPU.Build.0 = Debug|Any CPU
		{479102C5-36A3-A644-58D5-0C48A9991272}.Release|Any CPU.ActiveCfg = Release|Any CPU
		{479102C5-36A3-A644-58D5-0C48A9991272}.Release|Any CPU.Build.0 = Release|Any CPU
	EndGlobalSection
	GlobalSection(SolutionProperties) = preSolution
		HideSolutionNode = FALSE
	EndGlobalSection
	GlobalSection(ExtensibilityGlobals) = postSolution
		SolutionGuid = {69B1BA0A-B9A7-42D7-88B8-3ED379251E84}
	EndGlobalSection
EndGlobal
